
Microsoft Visual Studio Solution File, Format Version 12.00
# Visual Studio Version 16
VisualStudioVersion = 16.0.30804.86
MinimumVisualStudioVersion = 10.0.40219.1
Project("{FAE04EC0-301F-11D3-BF4B-00C04F79EFBC}") = "AgreementDemo", "AgreementDemo\AgreementDemo.csproj", "{B75A48DF-25D3-488C-944D-DE1397E5B8CF}"
EndProject
Project("{FAE04EC0-301F-11D3-BF4B-00C04F79EFBC}") = "Domain", "Domain\Domain.csproj", "{1F5FA0E3-3796-4D6C-9DCB-A83C856DA0FD}"
EndProject
Project("{FAE04EC0-301F-11D3-BF4B-00C04F79EFBC}") = "Application", "Application\Application.csproj", "{BAC2A7D9-F5A3-4C22-8EE2-704582CFE6B6}"
EndProject
Project("{FAE04EC0-301F-11D3-BF4B-00C04F79EFBC}") = "Infrastructure", "Infrastructure\Infrastructure.csproj", "{DB58ADC1-4FAB-4622-9D68-4FD388819057}"
EndProject
Global
	GlobalSection(SolutionConfigurationPlatforms) = preSolution
		Debug|Any CPU = Debug|Any CPU
		Release|Any CPU = Release|Any CPU
	EndGlobalSection
	GlobalSection(ProjectConfigurationPlatforms) = postSolution
		{B75A48DF-25D3-488C-944D-DE1397E5B8CF}.Debug|Any CPU.ActiveCfg = Debug|Any CPU
		{B75A48DF-25D3-488C-944D-DE1397E5B8CF}.Debug|Any CPU.Build.0 = Debug|Any CPU
		{B75A48DF-25D3-488C-944D-DE1397E5B8CF}.Release|Any CPU.ActiveCfg = Release|Any CPU
		{B75A48DF-25D3-488C-944D-DE1397E5B8CF}.Release|Any CPU.Build.0 = Release|Any CPU
		{1F5FA0E3-3796-4D6C-9DCB-A83C856DA0FD}.Debug|Any CPU.ActiveCfg = Debug|Any CPU
		{1F5FA0E3-3796-4D6C-9DCB-A83C856DA0FD}.Debug|Any CPU.Build.0 = Debug|Any CPU
		{1F5FA0E3-3796-4D6C-9DCB-A83C856DA0FD}.Release|Any CPU.ActiveCfg = Release|Any CPU
		{1F5FA0E3-3796-4D6C-9DCB-A83C856DA0FD}.Release|Any CPU.Build.0 = Release|Any CPU
		{BAC2A7D9-F5A3-4C22-8EE2-704582CFE6B6}.Debug|Any CPU.ActiveCfg = Debug|Any CPU
		{BAC2A7D9-F5A3-4C22-8EE2-704582CFE6B6}.Debug|Any CPU.Build.0 = Debug|Any CPU
		{BAC2A7D9-F5A3-4C22-8EE2-704582CFE6B6}.Release|Any CPU.ActiveCfg = Release|Any CPU
		{BAC2A7D9-F5A3-4C22-8EE2-704582CFE6B6}.Release|Any CPU.Build.0 = Release|Any CPU
		{DB58ADC1-4FAB-4622-9D68-4FD388819057}.Debug|Any CPU.ActiveCfg = Debug|Any CPU
		{DB58ADC1-4FAB-4622-9D68-4FD388819057}.Debug|Any CPU.Build.0 = Debug|Any CPU
		{DB58ADC1-4FAB-4622-9D68-4FD388819057}.Release|Any CPU.ActiveCfg = Release|Any CPU
		{DB58ADC1-4FAB-4622-9D68-4FD388819057}.Release|Any CPU.Build.0 = Release|Any CPU
	EndGlobalSection
	GlobalSection(SolutionProperties) = preSolution
		HideSolutionNode = FALSE
	EndGlobalSection
	GlobalSection(ExtensibilityGlobals) = postSolution
		SolutionGuid = {BC3E4A00-D9B1-42DA-9DBC-52B789673994}
	EndGlobalSection
EndGlobal
